
Microsoft Visual Studio Solution File, Format Version 12.00
# Visual Studio Version 17
VisualStudioVersion = 17.7.34009.444
MinimumVisualStudioVersion = 10.0.40219.1
Project("{FAE04EC0-301F-11D3-BF4B-00C04F79EFBC}") = "Inheretans", "Inheretans\Inheretans.csproj", "{AE367BD9-3C34-4C5E-B318-C563F9BD138E}"
EndProject
Project("{FAE04EC0-301F-11D3-BF4B-00C04F79EFBC}") = "File", "File\File.csproj", "{9FFAF08C-66C1-4D68-BFF7-75EBEE660E6D}"
EndProject
Project("{FAE04EC0-301F-11D3-BF4B-00C04F79EFBC}") = "AbstractGeometry", "AbstractGeometry\AbstractGeometry.csproj", "{5759058F-8FDF-459E-9A8A-ED537342747C}"
EndProject
Global
	GlobalSection(SolutionConfigurationPlatforms) = preSolution
		Debug|Any CPU = Debug|Any CPU
		Release|Any CPU = Release|Any CPU
	EndGlobalSection
	GlobalSection(ProjectConfigurationPlatforms) = postSolution
		{AE367BD9-3C34-4C5E-B318-C563F9BD138E}.Debug|Any CPU.ActiveCfg = Debug|Any CPU
		{AE367BD9-3C34-4C5E-B318-C563F9BD138E}.Debug|Any CPU.Build.0 = Debug|Any CPU
		{AE367BD9-3C34-4C5E-B318-C563F9BD138E}.Release|Any CPU.ActiveCfg = Release|Any CPU
		{AE367BD9-3C34-4C5E-B318-C563F9BD138E}.Release|Any CPU.Build.0 = Release|Any CPU
		{9FFAF08C-66C1-4D68-BFF7-75EBEE660E6D}.Debug|Any CPU.ActiveCfg = Debug|Any CPU
		{9FFAF08C-66C1-4D68-BFF7-75EBEE660E6D}.Debug|Any CPU.Build.0 = Debug|Any CPU
		{9FFAF08C-66C1-4D68-BFF7-75EBEE660E6D}.Release|Any CPU.ActiveCfg = Release|Any CPU
		{9FFAF08C-66C1-4D68-BFF7-75EBEE660E6D}.Release|Any CPU.Build.0 = Release|Any CPU
		{5759058F-8FDF-459E-9A8A-ED537342747C}.Debug|Any CPU.ActiveCfg = Debug|Any CPU
		{5759058F-8FDF-459E-9A8A-ED537342747C}.Debug|Any CPU.Build.0 = Debug|Any CPU
		{5759058F-8FDF-459E-9A8A-ED537342747C}.Release|Any CPU.ActiveCfg = Release|Any CPU
		{5759058F-8FDF-459E-9A8A-ED537342747C}.Release|Any CPU.Build.0 = Release|Any CPU
	EndGlobalSection
	GlobalSection(SolutionProperties) = preSolution
		HideSolutionNode = FALSE
	EndGlobalSection
	GlobalSection(ExtensibilityGlobals) = postSolution
		SolutionGuid = {8E7D00E1-B430-4F0E-89DB-D5693266D758}
	EndGlobalSection
EndGlobal
